
Microsoft Visual Studio Solution File, Format Version 12.00
# Visual Studio 15
VisualStudioVersion = 15.0.28307.2017
MinimumVisualStudioVersion = 10.0.40219.1
Project("{FAE04EC0-301F-11D3-BF4B-00C04F79EFBC}") = "SalesWebMvc", "SalesWebMvc\SalesWebMvc.csproj", "{FDCF1A6F-853E-4D2D-8E86-52949E221F54}"
EndProject
Global
	GlobalSection(SolutionConfigurationPlatforms) = preSolution
		Debug|Any CPU = Debug|Any CPU
		Release|Any CPU = Release|Any CPU
	EndGlobalSection
	GlobalSection(ProjectConfigurationPlatforms) = postSolution
		{FDCF1A6F-853E-4D2D-8E86-52949E221F54}.Debug|Any CPU.ActiveCfg = Debug|Any CPU
		{FDCF1A6F-853E-4D2D-8E86-52949E221F54}.Debug|Any CPU.Build.0 = Debug|Any CPU
		{FDCF1A6F-853E-4D2D-8E86-52949E221F54}.Release|Any CPU.ActiveCfg = Release|Any CPU
		{FDCF1A6F-853E-4D2D-8E86-52949E221F54}.Release|Any CPU.Build.0 = Release|Any CPU
	EndGlobalSection
	GlobalSection(SolutionProperties) = preSolution
		HideSolutionNode = FALSE
	EndGlobalSection
	GlobalSection(ExtensibilityGlobals) = postSolution
		SolutionGuid = {9996E795-CB56-4878-89C9-7A26BDBC20E1}
	EndGlobalSection
EndGlobal
